
Microsoft Visual Studio Solution File, Format Version 12.00
# Visual Studio Version 16
VisualStudioVersion = 16.0.29728.190
MinimumVisualStudioVersion = 10.0.40219.1
Project("{FAE04EC0-301F-11D3-BF4B-00C04F79EFBC}") = "Assembly-CSharp", "Assembly-CSharp.csproj", "{FBB171DF-0E09-B58F-12F7-90D36BA513A5}"
EndProject
Project("{FAE04EC0-301F-11D3-BF4B-00C04F79EFBC}") = "Assembly-CSharp-Editor", "Assembly-CSharp-Editor.csproj", "{5062070E-7FBF-DAFC-1C33-D595A9700164}"
EndProject
Global
	GlobalSection(SolutionConfigurationPlatforms) = preSolution
		Debug|Any CPU = Debug|Any CPU
		Release|Any CPU = Release|Any CPU
	EndGlobalSection
	GlobalSection(ProjectConfigurationPlatforms) = postSolution
		{FBB171DF-0E09-B58F-12F7-90D36BA513A5}.Debug|Any CPU.ActiveCfg = Debug|Any CPU
		{FBB171DF-0E09-B58F-12F7-90D36BA513A5}.Debug|Any CPU.Build.0 = Debug|Any CPU
		{FBB171DF-0E09-B58F-12F7-90D36BA513A5}.Release|Any CPU.ActiveCfg = Release|Any CPU
		{FBB171DF-0E09-B58F-12F7-90D36BA513A5}.Release|Any CPU.Build.0 = Release|Any CPU
		{5062070E-7FBF-DAFC-1C33-D595A9700164}.Debug|Any CPU.ActiveCfg = Debug|Any CPU
		{5062070E-7FBF-DAFC-1C33-D595A9700164}.Debug|Any CPU.Build.0 = Debug|Any CPU
		{5062070E-7FBF-DAFC-1C33-D595A9700164}.Release|Any CPU.ActiveCfg = Release|Any CPU
		{5062070E-7FBF-DAFC-1C33-D595A9700164}.Release|Any CPU.Build.0 = Release|Any CPU
	EndGlobalSection
	GlobalSection(SolutionProperties) = preSolution
		HideSolutionNode = FALSE
	EndGlobalSection
	GlobalSection(ExtensibilityGlobals) = postSolution
		SolutionGuid = {08A292E4-881D-4D3D-8B1B-21D886424EEB}
	EndGlobalSection
EndGlobal
